{
  "name": "@pm-link-auto-test/consumer",
  "version": "1.0.0",
  "lockfileVersion": 3,
  "requires": true,
  "packages": {
    "": {
      "name": "@pm-link-auto-test/consumer",
      "version": "1.0.0",
      "hasInstallScript": true
    },
    "../../..": {
      "name": "@andyrmitchell/pm-link-auto",
      "version": "0.0.1",
      "extraneous": true,
      "license": "MIT",
      "dependencies": {
        "@babel/parser": "^7.27.7",
        "chalk": "^5.3.0",
        "cosmiconfig": "^9.0.0",
        "glob": "^10.4.1",
        "prompts": "^2.4.2",
        "recast": "^0.23.11"
      },
      "bin": {
        "pm-link-auto": "dist/cli.js"
      },
      "devDependencies": {
        "@types/jest": "^29.5.14",
        "@types/node": "^20.12.12",
        "@types/prompts": "^2.4.9",
        "tsup": "^8.3.5",
        "typescript": "^5.8.2",
        "vitest": "^3.0.7"
      },
      "engines": {
        "node": ">=18.0.0"
      }
    },
    "../../../../../objects copy": {
      "name": "@andyrmitchell/objects",
      "version": "0.2.0",
      "extraneous": true,
      "license": "MIT",
      "dependencies": {
        "dot-prop": "^8.0.2",
        "immer": "^10.0.4",
        "lodash-es": "^4.17.21",
        "zod": "^3.22.4"
      },
      "devDependencies": {
        "@andyrmitchell/pg-testable": "^0.1.10",
        "@andyrmitchell/trowser": "^0.2.1",
        "@babel/core": "^7.23.9",
        "@babel/preset-env": "^7.23.9",
        "@babel/preset-typescript": "^7.23.3",
        "@electric-sql/pglite": "^0.1.4",
        "@types/jest": "^29.5.12",
        "@types/lodash-es": "^4.17.12",
        "@types/pg": "^8.11.5",
        "babel-jest": "^29.7.0",
        "babel-plugin-transform-import-meta": "^2.2.1",
        "jest": "^29.7.0",
        "pg-mem": "^2.8.1",
        "ts-jest": "^29.1.2",
        "tsup": "^8.0.1",
        "typescript": "^5.3.3"
      }
    },
    "../../../../store": {
      "name": "@andyrmitchell/store",
      "version": "0.1.0",
      "extraneous": true,
      "license": "MIT",
      "dependencies": {
        "@andyrmitchell/composite-timestamps": "^0.1.1",
        "@andyrmitchell/drizzle-dialect-types": "^0.0.9",
        "@andyrmitchell/objects": "^0.8.2",
        "@andyrmitchell/queue-sql": "^0.1.0",
        "@electric-sql/pglite": "^0.2.12",
        "@supabase/supabase-js": "^2.43.1",
        "dexie": "^4.0.7",
        "drizzle-orm": "^0.36.3",
        "immer": "^10.0.4",
        "lodash-es": "^4.17.21",
        "postgres": "^3.4.5",
        "react": "^18.2.0",
        "uuid": "^11.0.4",
        "zod": "^3.23.8"
      },
      "devDependencies": {
        "@andyrmitchell/drizzle-fast-bulk-test": "^0.2.2",
        "@andyrmitchell/file-io": "^0.10.12",
        "@andyrmitchell/pg-testable": "^0.5.2",
        "@andyrmitchell/utils": "^0.12.0",
        "@libsql/client": "^0.14.0",
        "@types/chrome": "^0.0.266",
        "@types/fs-extra": "^11.0.4",
        "@types/jest": "^29.5.12",
        "@types/lodash-es": "^4.17.12",
        "@types/pg": "^8.11.5",
        "@types/react": "^18.2.79",
        "drizzle-kit": "^0.28.1",
        "fake-indexeddb": "^6.0.0",
        "fs-extra": "^11.2.0",
        "tsup": "^8.4.0",
        "typescript": "^5.8.2",
        "vitest": "^3.0.7"
      }
    }
  }
}
